
Microsoft Visual Studio Solution File, Format Version 12.00
# Visual Studio Version 17
VisualStudioVersion = 17.14.37111.16 d17.14
MinimumVisualStudioVersion = 10.0.40219.1
Project("{FAE04EC0-301F-11D3-BF4B-00C04F79EFBC}") = "quản lý nhân sự doanh nghiệp", "quản lý nhân sự doanh nghiệp\quản lý nhân sự doanh nghiệp.csproj", "{1611734F-FBF0-48C9-9AF3-9F71BE7177AF}"
EndProject
Global
	GlobalSection(SolutionConfigurationPlatforms) = preSolution
		Debug|Any CPU = Debug|Any CPU
		Release|Any CPU = Release|Any CPU
	EndGlobalSection
	GlobalSection(ProjectConfigurationPlatforms) = postSolution
		{1611734F-FBF0-48C9-9AF3-9F71BE7177AF}.Debug|Any CPU.ActiveCfg = Debug|Any CPU
		{1611734F-FBF0-48C9-9AF3-9F71BE7177AF}.Debug|Any CPU.Build.0 = Debug|Any CPU
		{1611734F-FBF0-48C9-9AF3-9F71BE7177AF}.Release|Any CPU.ActiveCfg = Release|Any CPU
		{1611734F-FBF0-48C9-9AF3-9F71BE7177AF}.Release|Any CPU.Build.0 = Release|Any CPU
	EndGlobalSection
	GlobalSection(SolutionProperties) = preSolution
		HideSolutionNode = FALSE
	EndGlobalSection
	GlobalSection(ExtensibilityGlobals) = postSolution
		SolutionGuid = {D4090403-1F89-4B4D-AA2F-7F5ADCBFB530}
	EndGlobalSection
EndGlobal
